
Microsoft Visual Studio Solution File, Format Version 12.00
# Visual Studio Version 16
VisualStudioVersion = 16.0.30523.141
MinimumVisualStudioVersion = 10.0.40219.1
Project("{FAE04EC0-301F-11D3-BF4B-00C04F79EFBC}") = "coursework-40401270", "coursework-40401270.csproj", "{6161F6BC-B17A-4756-954F-A3058BF925A9}"
EndProject
Project("{2150E333-8FDC-42A3-9474-1A3956D46DE8}") = "Solution Items", "Solution Items", "{592CB074-04DD-4A22-9EA3-614F122AEC8C}"
	ProjectSection(SolutionItems) = preProject
		Cave1.cs = Cave1.cs
	EndProjectSection
EndProject
Global
	GlobalSection(SolutionConfigurationPlatforms) = preSolution
		Debug|Any CPU = Debug|Any CPU
		Release|Any CPU = Release|Any CPU
	EndGlobalSection
	GlobalSection(ProjectConfigurationPlatforms) = postSolution
		{6161F6BC-B17A-4756-954F-A3058BF925A9}.Debug|Any CPU.ActiveCfg = Debug|Any CPU
		{6161F6BC-B17A-4756-954F-A3058BF925A9}.Debug|Any CPU.Build.0 = Debug|Any CPU
		{6161F6BC-B17A-4756-954F-A3058BF925A9}.Release|Any CPU.ActiveCfg = Release|Any CPU
		{6161F6BC-B17A-4756-954F-A3058BF925A9}.Release|Any CPU.Build.0 = Release|Any CPU
	EndGlobalSection
	GlobalSection(SolutionProperties) = preSolution
		HideSolutionNode = FALSE
	EndGlobalSection
	GlobalSection(ExtensibilityGlobals) = postSolution
		SolutionGuid = {F6B4AAF1-A9EA-49A7-AAD9-F05FB47ED3E7}
	EndGlobalSection
EndGlobal
